
Microsoft Visual Studio Solution File, Format Version 12.00
# Visual Studio 15
VisualStudioVersion = 15.0.28307.168
MinimumVisualStudioVersion = 10.0.40219.1
Project("{FAE04EC0-301F-11D3-BF4B-00C04F79EFBC}") = "LearnNETcORE2", "LearnNETcORE2\LearnNETcORE2.csproj", "{974D782B-B1A1-4B6B-A7B3-1CF5D4E80FD9}"
EndProject
Global
	GlobalSection(SolutionConfigurationPlatforms) = preSolution
		Debug|Any CPU = Debug|Any CPU
		Release|Any CPU = Release|Any CPU
	EndGlobalSection
	GlobalSection(ProjectConfigurationPlatforms) = postSolution
		{974D782B-B1A1-4B6B-A7B3-1CF5D4E80FD9}.Debug|Any CPU.ActiveCfg = Debug|Any CPU
		{974D782B-B1A1-4B6B-A7B3-1CF5D4E80FD9}.Debug|Any CPU.Build.0 = Debug|Any CPU
		{974D782B-B1A1-4B6B-A7B3-1CF5D4E80FD9}.Release|Any CPU.ActiveCfg = Release|Any CPU
		{974D782B-B1A1-4B6B-A7B3-1CF5D4E80FD9}.Release|Any CPU.Build.0 = Release|Any CPU
	EndGlobalSection
	GlobalSection(SolutionProperties) = preSolution
		HideSolutionNode = FALSE
	EndGlobalSection
	GlobalSection(ExtensibilityGlobals) = postSolution
		SolutionGuid = {5964FE50-5395-44D4-BFEF-E99A39C660B0}
	EndGlobalSection
EndGlobal
